
Microsoft Visual Studio Solution File, Format Version 12.00
# Visual Studio Version 17
VisualStudioVersion = 17.4.33110.190
MinimumVisualStudioVersion = 10.0.40219.1
Project("{FAE04EC0-301F-11D3-BF4B-00C04F79EFBC}") = "Server", "Server\Server.csproj", "{A2478DCE-91EF-4BBF-8F81-4AABF28F55B8}"
EndProject
Project("{FAE04EC0-301F-11D3-BF4B-00C04F79EFBC}") = "SharedLibrary", "SharedLibrary\SharedLibrary.csproj", "{D9DB6D14-19C1-48C0-BA44-78D627AA0A29}"
EndProject
Global
	GlobalSection(SolutionConfigurationPlatforms) = preSolution
		Debug|Any CPU = Debug|Any CPU
		Release|Any CPU = Release|Any CPU
	EndGlobalSection
	GlobalSection(ProjectConfigurationPlatforms) = postSolution
		{A2478DCE-91EF-4BBF-8F81-4AABF28F55B8}.Debug|Any CPU.ActiveCfg = Debug|Any CPU
		{A2478DCE-91EF-4BBF-8F81-4AABF28F55B8}.Debug|Any CPU.Build.0 = Debug|Any CPU
		{A2478DCE-91EF-4BBF-8F81-4AABF28F55B8}.Release|Any CPU.ActiveCfg = Release|Any CPU
		{A2478DCE-91EF-4BBF-8F81-4AABF28F55B8}.Release|Any CPU.Build.0 = Release|Any CPU
		{D9DB6D14-19C1-48C0-BA44-78D627AA0A29}.Debug|Any CPU.ActiveCfg = Debug|Any CPU
		{D9DB6D14-19C1-48C0-BA44-78D627AA0A29}.Debug|Any CPU.Build.0 = Debug|Any CPU
		{D9DB6D14-19C1-48C0-BA44-78D627AA0A29}.Release|Any CPU.ActiveCfg = Release|Any CPU
		{D9DB6D14-19C1-48C0-BA44-78D627AA0A29}.Release|Any CPU.Build.0 = Release|Any CPU
	EndGlobalSection
	GlobalSection(SolutionProperties) = preSolution
		HideSolutionNode = FALSE
	EndGlobalSection
	GlobalSection(ExtensibilityGlobals) = postSolution
		SolutionGuid = {32AEC7BE-2095-446B-BCF4-D68D4A5275BA}
	EndGlobalSection
EndGlobal
